{
    "_readme": [
        "This file locks the dependencies of your project to a known state",
        "Read more about it at https://getcomposer.org/doc/01-basic-usage.md#installing-dependencies",
        "This file is @generated automatically"
    ],
    "content-hash": "5dc416280f8ffbda448a25cc9a43f6ff",
    "packages": [
        {
            "name": "google/apiclient",
            "version": "v1.1.9",
            "source": {
                "type": "git",
                "url": "https://github.com/googleapis/google-api-php-client.git",
                "reference": "19d7d735ee4cff0f8c14a234b5094b99d00ef278"
            },
            "dist": {
                "type": "zip",
                "url": "https://api.github.com/repos/googleapis/google-api-php-client/zipball/19d7d735ee4cff0f8c14a234b5094b99d00ef278",
                "reference": "19d7d735ee4cff0f8c14a234b5094b99d00ef278",
                "shasum": ""
            },
            "require": {
                "php": ">=5.2.1"
            },
            "require-dev": {
                "phpunit/phpunit": "3.7.*",
                "squizlabs/php_codesniffer": "~2.3"
            },
            "type": "library",
            "extra": {
                "branch-alias": {
                    "dev-v1-master": "1.1.x-dev"
                }
            },
            "autoload": {
                "files": [
                    "src/Google/autoload.php"
                ]
            },
            "notification-url": "https://packagist.org/downloads/",
            "license": [
                "Apache-2.0"
            ],
            "description": "Client library for Google APIs",
            "homepage": "http://developers.google.com/api-client-library/php",
            "keywords": [
                "google"
            ],
            "support": {
                "issues": "https://github.com/googleapis/google-api-php-client/issues",
                "source": "https://github.com/googleapis/google-api-php-client/tree/v1.1.9"
            },
            "time": "2020-07-22T19:51:49+00:00"
        },
        {
            "name": "hametuha/gapiwp",
            "version": "1.0.3",
            "source": {
                "type": "git",
                "url": "https://github.com/hametuha/gapiwp.git",
                "reference": "7b9716d0ebd54c4ab79cca94a4c5aef099a54266"
            },
            "dist": {
                "type": "zip",
                "url": "https://api.github.com/repos/hametuha/gapiwp/zipball/7b9716d0ebd54c4ab79cca94a4c5aef099a54266",
                "reference": "7b9716d0ebd54c4ab79cca94a4c5aef099a54266",
                "shasum": ""
            },
            "require": {
                "google/apiclient": "1.1.*",
                "php": ">=5.3"
            },
            "type": "library",
            "autoload": {
                "psr-0": {
                    "Hametuha\\GapiWP": "src/"
                }
            },
            "notification-url": "https://packagist.org/downloads/",
            "license": [
                "MIT"
            ],
            "authors": [
                {
                    "name": "Hametuha INC.",
                    "email": "info@hametuha.co.jp"
                }
            ],
            "description": "Google API Library wrapper for WordPress.",
            "support": {
                "issues": "https://github.com/hametuha/gapiwp/issues",
                "source": "https://github.com/hametuha/gapiwp/tree/1.0.3"
            },
            "time": "2015-06-15T11:03:22+00:00"
        }
    ],
    "packages-dev": [],
    "aliases": [],
    "minimum-stability": "stable",
    "stability-flags": [],
    "prefer-stable": false,
    "prefer-lowest": false,
    "platform": [],
    "platform-dev": [],
    "plugin-api-version": "2.3.0"
}
